
Microsoft Visual Studio Solution File, Format Version 12.00
# Visual Studio Version 16
VisualStudioVersion = 16.0.31729.503
MinimumVisualStudioVersion = 10.0.40219.1
Project("{FAE04EC0-301F-11D3-BF4B-00C04F79EFBC}") = "Git Test", "Git Test\Git Test.csproj", "{330AAAD7-3413-410A-AD65-E2FB6B67EAD6}"
EndProject
Global
	GlobalSection(SolutionConfigurationPlatforms) = preSolution
		Debug|Any CPU = Debug|Any CPU
		Release|Any CPU = Release|Any CPU
	EndGlobalSection
	GlobalSection(ProjectConfigurationPlatforms) = postSolution
		{330AAAD7-3413-410A-AD65-E2FB6B67EAD6}.Debug|Any CPU.ActiveCfg = Debug|Any CPU
		{330AAAD7-3413-410A-AD65-E2FB6B67EAD6}.Debug|Any CPU.Build.0 = Debug|Any CPU
		{330AAAD7-3413-410A-AD65-E2FB6B67EAD6}.Release|Any CPU.ActiveCfg = Release|Any CPU
		{330AAAD7-3413-410A-AD65-E2FB6B67EAD6}.Release|Any CPU.Build.0 = Release|Any CPU
	EndGlobalSection
	GlobalSection(SolutionProperties) = preSolution
		HideSolutionNode = FALSE
	EndGlobalSection
	GlobalSection(ExtensibilityGlobals) = postSolution
		SolutionGuid = {A5E29A8F-87CF-44DF-9EAE-64F0B95180D8}
	EndGlobalSection
EndGlobal
